
Microsoft Visual Studio Solution File, Format Version 12.00
# Visual Studio Version 16
VisualStudioVersion = 16.0.30503.244
MinimumVisualStudioVersion = 10.0.40219.1
Project("{FAE04EC0-301F-11D3-BF4B-00C04F79EFBC}") = "DockerWebApi", "DockerWebApi\DockerWebApi.csproj", "{FCC320B8-A09B-44E8-BC15-603B5D5E3108}"
EndProject
Global
	GlobalSection(SolutionConfigurationPlatforms) = preSolution
		Debug|Any CPU = Debug|Any CPU
		Release|Any CPU = Release|Any CPU
	EndGlobalSection
	GlobalSection(ProjectConfigurationPlatforms) = postSolution
		{FCC320B8-A09B-44E8-BC15-603B5D5E3108}.Debug|Any CPU.ActiveCfg = Debug|Any CPU
		{FCC320B8-A09B-44E8-BC15-603B5D5E3108}.Debug|Any CPU.Build.0 = Debug|Any CPU
		{FCC320B8-A09B-44E8-BC15-603B5D5E3108}.Release|Any CPU.ActiveCfg = Release|Any CPU
		{FCC320B8-A09B-44E8-BC15-603B5D5E3108}.Release|Any CPU.Build.0 = Release|Any CPU
	EndGlobalSection
	GlobalSection(SolutionProperties) = preSolution
		HideSolutionNode = FALSE
	EndGlobalSection
	GlobalSection(ExtensibilityGlobals) = postSolution
		SolutionGuid = {5524EAFC-6870-4289-860D-152E3E43B09C}
	EndGlobalSection
EndGlobal
